Microsoft Visual Studio Solution File, Format Version 12.00
# Visual Studio 2012
Project("{FAE04EC0-301F-11D3-BF4B-00C04F79EFBC}") = "decomp.me.desktop", "decomp.me.desktop.csproj", "{3670B2EF-0EDB-44B7-AB6D-D7A329E6B87D}"
EndProject
Global
	GlobalSection(SolutionConfigurationPlatforms) = preSolution
	Debug|Any CPU = Debug|Any CPU
	ExportDebug|Any CPU = ExportDebug|Any CPU
	ExportRelease|Any CPU = ExportRelease|Any CPU
	EndGlobalSection
	GlobalSection(ProjectConfigurationPlatforms) = postSolution
		{3670B2EF-0EDB-44B7-AB6D-D7A329E6B87D}.Debug|Any CPU.ActiveCfg = Debug|Any CPU
		{3670B2EF-0EDB-44B7-AB6D-D7A329E6B87D}.Debug|Any CPU.Build.0 = Debug|Any CPU
		{3670B2EF-0EDB-44B7-AB6D-D7A329E6B87D}.ExportDebug|Any CPU.ActiveCfg = ExportDebug|Any CPU
		{3670B2EF-0EDB-44B7-AB6D-D7A329E6B87D}.ExportDebug|Any CPU.Build.0 = ExportDebug|Any CPU
		{3670B2EF-0EDB-44B7-AB6D-D7A329E6B87D}.ExportRelease|Any CPU.ActiveCfg = ExportRelease|Any CPU
		{3670B2EF-0EDB-44B7-AB6D-D7A329E6B87D}.ExportRelease|Any CPU.Build.0 = ExportRelease|Any CPU
	EndGlobalSection
EndGlobal
